<Solution>
  <Project Path="Bloxstrap/Bloxstrap.csproj" />
  <Project Path="wpfui/src/Wpf.Ui/Wpf.Ui.csproj" />
  <Project Path="ColorPicker/src/ColorPicker/ColorPicker.csproj" />
  <Project Path="Tests/DepthStrap.RegressionTests/DepthStrap.RegressionTests.csproj" />
  <Project Path="Tests/DepthStrap.RecoveryTests/DepthStrap.RecoveryTests.csproj" />
</Solution>
